
Microsoft Visual Studio Solution File, Format Version 12.00
# Visual Studio Version 17
VisualStudioVersion = 17.9.34728.123
MinimumVisualStudioVersion = 10.0.40219.1
Project("{9A19103F-16F7-4668-BE54-9A1E7A4F7556}") = "1768. Merge Strings Alternately", "1768. Merge Strings Alternately\1768. Merge Strings Alternately.csproj", "{14845A98-C1FE-4122-B2BA-98260FA9BB38}"
EndProject
Project("{9A19103F-16F7-4668-BE54-9A1E7A4F7556}") = "Greatest Common Divisor of Strings", "Greatest Common Divisor of Strings\Greatest Common Divisor of Strings.csproj", "{8309E9DF-94CD-4493-B9CC-8FAB93E8EF66}"
EndProject
Project("{9A19103F-16F7-4668-BE54-9A1E7A4F7556}") = "Kids With the Greatest Number of Candies", "Kids With the Greatest Number of Candies\Kids With the Greatest Number of Candies.csproj", "{8510985C-9167-4EF5-A902-9E7BDE9AA411}"
EndProject
Project("{FAE04EC0-301F-11D3-BF4B-00C04F79EFBC}") = "605. Can Place Flowers", "605. Can Place Flowers\605. Can Place Flowers.csproj", "{C0F1677E-8B7F-4A5E-923E-DDEDB3A374B5}"
EndProject
Global
	GlobalSection(SolutionConfigurationPlatforms) = preSolution
		Debug|Any CPU = Debug|Any CPU
		Release|Any CPU = Release|Any CPU
	EndGlobalSection
	GlobalSection(ProjectConfigurationPlatforms) = postSolution
		{14845A98-C1FE-4122-B2BA-98260FA9BB38}.Debug|Any CPU.ActiveCfg = Debug|Any CPU
		{14845A98-C1FE-4122-B2BA-98260FA9BB38}.Debug|Any CPU.Build.0 = Debug|Any CPU
		{14845A98-C1FE-4122-B2BA-98260FA9BB38}.Release|Any CPU.ActiveCfg = Release|Any CPU
		{14845A98-C1FE-4122-B2BA-98260FA9BB38}.Release|Any CPU.Build.0 = Release|Any CPU
		{8309E9DF-94CD-4493-B9CC-8FAB93E8EF66}.Debug|Any CPU.ActiveCfg = Debug|Any CPU
		{8309E9DF-94CD-4493-B9CC-8FAB93E8EF66}.Debug|Any CPU.Build.0 = Debug|Any CPU
		{8309E9DF-94CD-4493-B9CC-8FAB93E8EF66}.Release|Any CPU.ActiveCfg = Release|Any CPU
		{8309E9DF-94CD-4493-B9CC-8FAB93E8EF66}.Release|Any CPU.Build.0 = Release|Any CPU
		{8510985C-9167-4EF5-A902-9E7BDE9AA411}.Debug|Any CPU.ActiveCfg = Debug|Any CPU
		{8510985C-9167-4EF5-A902-9E7BDE9AA411}.Debug|Any CPU.Build.0 = Debug|Any CPU
		{8510985C-9167-4EF5-A902-9E7BDE9AA411}.Release|Any CPU.ActiveCfg = Release|Any CPU
		{8510985C-9167-4EF5-A902-9E7BDE9AA411}.Release|Any CPU.Build.0 = Release|Any CPU
		{C0F1677E-8B7F-4A5E-923E-DDEDB3A374B5}.Debug|Any CPU.ActiveCfg = Debug|Any CPU
		{C0F1677E-8B7F-4A5E-923E-DDEDB3A374B5}.Debug|Any CPU.Build.0 = Debug|Any CPU
		{C0F1677E-8B7F-4A5E-923E-DDEDB3A374B5}.Release|Any CPU.ActiveCfg = Release|Any CPU
		{C0F1677E-8B7F-4A5E-923E-DDEDB3A374B5}.Release|Any CPU.Build.0 = Release|Any CPU
	EndGlobalSection
	GlobalSection(SolutionProperties) = preSolution
		HideSolutionNode = FALSE
	EndGlobalSection
	GlobalSection(ExtensibilityGlobals) = postSolution
		SolutionGuid = {9A03A353-5A0B-41E1-9E1C-505E40980C24}
	EndGlobalSection
EndGlobal
